{
  "name": "@gemstep/gem-srv",
  "version": "0.1.0-alpha.0",
  "lockfileVersion": 1,
  "requires": true,
  "dependencies": {
    "js-tokens": {
      "version": "4.0.0",
      "resolved": "https://registry.npmjs.org/js-tokens/-/js-tokens-4.0.0.tgz",
      "integrity": "sha512-RdJUflcE3cUzKiMqQgsCu06FPu9UdIJO0beYbPhHN4k6apgJtifcoCtT9bcxOpYBtpD2kCM6Sbzg4CausW/PKQ=="
    },
    "loose-envify": {
      "version": "1.4.0",
      "resolved": "https://registry.npmjs.org/loose-envify/-/loose-envify-1.4.0.tgz",
      "integrity": "sha512-lyuxPGr/Wfhrlem2CL/UcnUc1zcqKAImBDzukY7Y5F/yQiNdko6+fRLevlw1HgMySw7f611UIY408EtxRSoK3Q==",
      "requires": {
        "js-tokens": "^3.0.0 || ^4.0.0"
      }
    },
    "object-assign": {
      "version": "4.1.1",
      "resolved": "https://registry.npmjs.org/object-assign/-/object-assign-4.1.1.tgz",
      "integrity": "sha512-rJgTQnkUnH1sFw8yT6VSU3zD3sWmu6sZhIseY8VX+GRu3P6F7Fu+JNDoXfklElbLJSnc3FUQHVe4cU5hj+BcUg=="
    },
    "react-is": {
      "version": "16.13.1",
      "resolved": "https://registry.npmjs.org/react-is/-/react-is-16.13.1.tgz",
      "integrity": "sha512-24e6ynE2H+OKt4kqsOvNd8kBpV65zoxbA4BVsEOB3ARVWQki/DHzaUoC5KuON/BiccDaCCTZBuOcfZs70kR8bQ=="
    },
    "typescript": {
      "version": "4.7.3",
      "resolved": "https://registry.npmjs.org/typescript/-/typescript-4.7.3.tgz",
      "integrity": "sha512-WOkT3XYvrpXx4vMMqlD+8R8R37fZkjyLGlxavMc4iB8lrl8L0DeTcHbYgw/v0N/z9wAFsgBhcsF0ruoySS22mA==",
      "dev": true
    },
    "xterm": {
      "version": "4.18.0",
      "resolved": "https://registry.npmjs.org/xterm/-/xterm-4.18.0.tgz",
      "integrity": "sha512-JQoc1S0dti6SQfI0bK1AZvGnAxH4MVw45ZPFSO6FHTInAiau3Ix77fSxNx3mX4eh9OL4AYa8+4C8f5UvnSfppQ=="
    },
    "xterm-addon-fit": {
      "version": "0.5.0",
      "resolved": "https://registry.npmjs.org/xterm-addon-fit/-/xterm-addon-fit-0.5.0.tgz",
      "integrity": "sha512-DsS9fqhXHacEmsPxBJZvfj2la30Iz9xk+UKjhQgnYNkrUIN5CYLbw7WEfz117c7+S86S/tpHPfvNxJsF5/G8wQ=="
    },
    "xterm-for-react": {
      "version": "1.0.4",
      "resolved": "https://registry.npmjs.org/xterm-for-react/-/xterm-for-react-1.0.4.tgz",
      "integrity": "sha512-DCkLR9ZXeW907YyyaCTk/3Ol34VRHfCnf3MAPOkj3dUNA85sDqHvTXN8efw4g7bx7gWdJQRsEpGt2tJOXKG3EQ==",
      "requires": {
        "prop-types": "^15.7.2",
        "xterm": "^4.5.0"
      },
      "dependencies": {
        "prop-types": {
          "version": "15.8.1",
          "resolved": "https://registry.npmjs.org/prop-types/-/prop-types-15.8.1.tgz",
          "integrity": "sha512-oj87CgZICdulUohogVAR7AjlC0327U4el4L6eAvOqCeudMDVU0NThNaV+b9Df4dXgSP1gXMTnPdhfe/2qDH5cg==",
          "requires": {
            "loose-envify": "^1.4.0",
            "object-assign": "^4.1.1",
            "react-is": "^16.13.1"
          }
        }
      }
    }
  }
}
